
Microsoft Visual Studio Solution File, Format Version 12.00
# Visual Studio Version 17
VisualStudioVersion = 17.9.34723.18
MinimumVisualStudioVersion = 10.0.40219.1
Project("{9A19103F-16F7-4668-BE54-9A1E7A4F7556}") = "Flow", "Flow\Flow.csproj", "{9C4B4A20-A28C-44F0-B14D-237554C6FB17}"
EndProject
Project("{9A19103F-16F7-4668-BE54-9A1E7A4F7556}") = "Flow.Infrastructure", "Flow.Infrastructure\Flow.Infrastructure.csproj", "{8E74DCFF-6E50-47DF-AD9E-E3D6BFF2C657}"
EndProject
Project("{FAE04EC0-301F-11D3-BF4B-00C04F79EFBC}") = "Flow.Application", "Flow.Application\Flow.Application.csproj", "{FA4286D8-2E57-442B-AAC1-B4E7F4C7D96A}"
EndProject
Project("{FAE04EC0-301F-11D3-BF4B-00C04F79EFBC}") = "Flow.Core", "Flow.Core\Flow.Core.csproj", "{B9DD0C1B-3E0B-4582-B08A-5A346D85B35D}"
EndProject
Global
	GlobalSection(SolutionConfigurationPlatforms) = preSolution
		Debug|Any CPU = Debug|Any CPU
		Release|Any CPU = Release|Any CPU
	EndGlobalSection
	GlobalSection(ProjectConfigurationPlatforms) = postSolution
		{9C4B4A20-A28C-44F0-B14D-237554C6FB17}.Debug|Any CPU.ActiveCfg = Debug|Any CPU
		{9C4B4A20-A28C-44F0-B14D-237554C6FB17}.Debug|Any CPU.Build.0 = Debug|Any CPU
		{9C4B4A20-A28C-44F0-B14D-237554C6FB17}.Release|Any CPU.ActiveCfg = Release|Any CPU
		{9C4B4A20-A28C-44F0-B14D-237554C6FB17}.Release|Any CPU.Build.0 = Release|Any CPU
		{8E74DCFF-6E50-47DF-AD9E-E3D6BFF2C657}.Debug|Any CPU.ActiveCfg = Debug|Any CPU
		{8E74DCFF-6E50-47DF-AD9E-E3D6BFF2C657}.Debug|Any CPU.Build.0 = Debug|Any CPU
		{8E74DCFF-6E50-47DF-AD9E-E3D6BFF2C657}.Release|Any CPU.ActiveCfg = Release|Any CPU
		{8E74DCFF-6E50-47DF-AD9E-E3D6BFF2C657}.Release|Any CPU.Build.0 = Release|Any CPU
		{FA4286D8-2E57-442B-AAC1-B4E7F4C7D96A}.Debug|Any CPU.ActiveCfg = Debug|Any CPU
		{FA4286D8-2E57-442B-AAC1-B4E7F4C7D96A}.Debug|Any CPU.Build.0 = Debug|Any CPU
		{FA4286D8-2E57-442B-AAC1-B4E7F4C7D96A}.Release|Any CPU.ActiveCfg = Release|Any CPU
		{FA4286D8-2E57-442B-AAC1-B4E7F4C7D96A}.Release|Any CPU.Build.0 = Release|Any CPU
		{B9DD0C1B-3E0B-4582-B08A-5A346D85B35D}.Debug|Any CPU.ActiveCfg = Debug|Any CPU
		{B9DD0C1B-3E0B-4582-B08A-5A346D85B35D}.Debug|Any CPU.Build.0 = Debug|Any CPU
		{B9DD0C1B-3E0B-4582-B08A-5A346D85B35D}.Release|Any CPU.ActiveCfg = Release|Any CPU
		{B9DD0C1B-3E0B-4582-B08A-5A346D85B35D}.Release|Any CPU.Build.0 = Release|Any CPU
	EndGlobalSection
	GlobalSection(SolutionProperties) = preSolution
		HideSolutionNode = FALSE
	EndGlobalSection
	GlobalSection(ExtensibilityGlobals) = postSolution
		SolutionGuid = {A725759F-FF72-4BFA-BEA2-B823589838FF}
	EndGlobalSection
EndGlobal
